PODS:
  - AppHarbrSDK (1.16.0)
  - AppLovinMediationChartboostAdapter (9.7.0.1):
    - AppLovinSDK
    - ChartboostSDK (= 9.7.0)
  - AppLovinMediationFacebookAdapter (6.15.2.0):
    - AppLovinSDK
    - FBAudienceNetwork (= 6.15.2)
  - AppLovinMediationFyberAdapter (8.3.1.1):
    - AppLovinSDK
    - Fyber_Marketplace_SDK (= 8.3.1)
  - AppLovinMediationGoogleAdapter (11.8.0.0):
    - AppLovinSDK
    - Google-Mobile-Ads-SDK (= 11.8.0)
  - AppLovinMediationGoogleAdManagerAdapter (11.8.0.0):
    - AppLovinSDK
    - Google-Mobile-Ads-SDK (= 11.8.0)
  - AppLovinMediationInMobiAdapter (10.7.5.0):
    - AppLovinSDK
    - InMobiSDK (= 10.7.5)
  - AppLovinMediationIronSourceAdapter (8.2.0.0.0):
    - AppLovinSDK
    - IronSourceSDK (= 8.2.0.0)
  - AppLovinMediationUnityAdsAdapter (4.12.2.0):
    - AppLovinSDK
    - UnityAds (= 4.12.2)
  - AppLovinMediationVungleAdapter (7.4.0.0):
    - AppLovinSDK
    - VungleAds (= 7.4.0)
  - AppLovinSDK (12.6.0)
  - ChartboostSDK (9.7.0)
  - FBAudienceNetwork (6.15.2)
  - Fyber_Marketplace_SDK (8.3.1)
  - Google-Mobile-Ads-SDK (11.8.0):
    - GoogleUserMessagingPlatform (>= 1.1)
  - GoogleUserMessagingPlatform (2.5.0)
  - InMobiSDK (10.7.5)
  - IronSourceSDK (8.2.0.0)
  - UnityAds (4.12.2)
  - VungleAds (7.4.0)

DEPENDENCIES:
  - AppHarbrSDK (= 1.16.0)
  - AppLovinMediationChartboostAdapter (= 9.7.0.1)
  - AppLovinMediationFacebookAdapter (= 6.15.2.0)
  - AppLovinMediationFyberAdapter (= 8.3.1.1)
  - AppLovinMediationGoogleAdapter (= 11.8.0.0)
  - AppLovinMediationGoogleAdManagerAdapter (= 11.8.0.0)
  - AppLovinMediationInMobiAdapter (= 10.7.5.0)
  - AppLovinMediationIronSourceAdapter (= 8.2.0.0.0)
  - AppLovinMediationUnityAdsAdapter (= 4.12.2.0)
  - AppLovinMediationVungleAdapter (= 7.4.0.0)
  - AppLovinSDK (= 12.6.0)

SPEC REPOS:
  trunk:
    - AppHarbrSDK
    - AppLovinMediationChartboostAdapter
    - AppLovinMediationFacebookAdapter
    - AppLovinMediationFyberAdapter
    - AppLovinMediationGoogleAdapter
    - AppLovinMediationGoogleAdManagerAdapter
    - AppLovinMediationInMobiAdapter
    - AppLovinMediationIronSourceAdapter
    - AppLovinMediationUnityAdsAdapter
    - AppLovinMediationVungleAdapter
    - AppLovinSDK
    - ChartboostSDK
    - FBAudienceNetwork
    - Fyber_Marketplace_SDK
    - Google-Mobile-Ads-SDK
    - GoogleUserMessagingPlatform
    - InMobiSDK
    - IronSourceSDK
    - UnityAds
    - VungleAds

SPEC CHECKSUMS:
  AppHarbrSDK: 012cd43050b74395776099c6f6eb19c65a835938
  AppLovinMediationChartboostAdapter: a97b3e22897d260b02e96f3121236bbf325446a2
  AppLovinMediationFacebookAdapter: 0bebbe6e56573474c0e77b981b31c88424d67a18
  AppLovinMediationFyberAdapter: 53eda2c227911dbd5a46b623e8395e0acf073f36
  AppLovinMediationGoogleAdapter: 573c0ae4e9eed3e0c92575269ad55fcabca328c0
  AppLovinMediationGoogleAdManagerAdapter: 2cb457649fb7cbc8be4bfb06b0c8ceac91ca24a7
  AppLovinMediationInMobiAdapter: 243dfe62770bda5925167f100fb81c4a3414c035
  AppLovinMediationIronSourceAdapter: 2af6e57aa438fc3353fb3bcf542ce680f1386d2e
  AppLovinMediationUnityAdsAdapter: cfe80f88affb4bacb9a93b39ea5fcad45205bfe8
  AppLovinMediationVungleAdapter: 2995d47cd08686cbb6502ccc1029bf36dcc31f36
  AppLovinSDK: 76c1f378b8492110a197c288ea4907930d703829
  ChartboostSDK: 0cd093c90a5a21c89783fe5be486e511fb2dbfc8
  FBAudienceNetwork: 2457a89b45e2596241fd81b0c2fd8cb6f6053869
  Fyber_Marketplace_SDK: 23285d363d7a56d77e97a9699685885069deb3f7
  Google-Mobile-Ads-SDK: c1c53687b572122c5b0bdaf354335bbf40fd81ef
  GoogleUserMessagingPlatform: 6b4f48a370e77ce121d034c908cc6ee4fdafaf13
  InMobiSDK: 728c861e41cd738eaf0a26b87f0e3f945e8c5602
  IronSourceSDK: 8e630747c09d8b1eb66ce2e195a10edd9a75f8b9
  UnityAds: f746f4baac748fcf8b70f0d70c816f6316808d3e
  VungleAds: 4823f53e691ba140ff21e3a3a6897af789832a36

PODFILE CHECKSUM: be986530a387c60cfb98b06d1847afce27419326

COCOAPODS: 1.15.2
